
Microsoft Visual Studio Solution File, Format Version 12.00
# Visual Studio 15
VisualStudioVersion = 15.0.27703.2042
MinimumVisualStudioVersion = 10.0.40219.1
Project("{FAE04EC0-301F-11D3-BF4B-00C04F79EFBC}") = "CSS.EntityFramework.ActualTriggers", "src\CSS.EntityFramework.ActualTriggers\CSS.EntityFramework.ActualTriggers.csproj", "{6EED8843-347D-4258-B0D4-74B37D313558}"
EndProject
Project("{FAE04EC0-301F-11D3-BF4B-00C04F79EFBC}") = "ExampleNetCore", "src\ExampleNetCore\ExampleNetCore.csproj", "{54B42E57-7ACD-44FA-9E8F-DD20D48A4ECE}"
EndProject
Project("{FAE04EC0-301F-11D3-BF4B-00C04F79EFBC}") = "ExampleModels", "src\ExampleModels\ExampleModels.csproj", "{DF6A04B7-D8A9-4B46-9D59-D17C6179A0E8}"
EndProject
Global
	GlobalSection(SolutionConfigurationPlatforms) = preSolution
		Debug|Any CPU = Debug|Any CPU
		Release|Any CPU = Release|Any CPU
	EndGlobalSection
	GlobalSection(ProjectConfigurationPlatforms) = postSolution
		{6EED8843-347D-4258-B0D4-74B37D313558}.Debug|Any CPU.ActiveCfg = Debug|Any CPU
		{6EED8843-347D-4258-B0D4-74B37D313558}.Debug|Any CPU.Build.0 = Debug|Any CPU
		{6EED8843-347D-4258-B0D4-74B37D313558}.Release|Any CPU.ActiveCfg = Release|Any CPU
		{6EED8843-347D-4258-B0D4-74B37D313558}.Release|Any CPU.Build.0 = Release|Any CPU
		{54B42E57-7ACD-44FA-9E8F-DD20D48A4ECE}.Debug|Any CPU.ActiveCfg = Debug|Any CPU
		{54B42E57-7ACD-44FA-9E8F-DD20D48A4ECE}.Debug|Any CPU.Build.0 = Debug|Any CPU
		{54B42E57-7ACD-44FA-9E8F-DD20D48A4ECE}.Release|Any CPU.ActiveCfg = Release|Any CPU
		{54B42E57-7ACD-44FA-9E8F-DD20D48A4ECE}.Release|Any CPU.Build.0 = Release|Any CPU
		{DF6A04B7-D8A9-4B46-9D59-D17C6179A0E8}.Debug|Any CPU.ActiveCfg = Debug|Any CPU
		{DF6A04B7-D8A9-4B46-9D59-D17C6179A0E8}.Debug|Any CPU.Build.0 = Debug|Any CPU
		{DF6A04B7-D8A9-4B46-9D59-D17C6179A0E8}.Release|Any CPU.ActiveCfg = Release|Any CPU
		{DF6A04B7-D8A9-4B46-9D59-D17C6179A0E8}.Release|Any CPU.Build.0 = Release|Any CPU
	EndGlobalSection
	GlobalSection(SolutionProperties) = preSolution
		HideSolutionNode = FALSE
	EndGlobalSection
	GlobalSection(ExtensibilityGlobals) = postSolution
		SolutionGuid = {98763B98-EF48-477E-A420-23C448DDB227}
	EndGlobalSection
EndGlobal
